name: update-flake-lock
on:
  workflow_dispatch: # Allows manual triggering
  schedule:
    - cron: "0 0 * * 0" # Runs weekly on Sunday at 00:00

jobs:
  lockfile:
    runs-on: ubuntu-latest
    steps:
      - name: Checkout repository
        uses: actions/checkout@v4
      - name: Install nix
        uses: cachix/install-nix-action@v25
      - name: Update flake.lock
        uses: DeterminateSystems/update-flake-lock@v20
        with:
          token: ${{ secrets.GH_TOKEN_FOR_UPDATES }}
          pr-title: "Update flake.lock"
          pr-labels: dependencies
          sign-commits: true
          gpg-private-key: ${{ secrets.GPG_PRIVATE_KEY }}
          gpg-passphrase: ${{ secrets.GPG_PASSPHRASE }}
